
Microsoft Visual Studio Solution File, Format Version 12.00
# Visual Studio Version 16
VisualStudioVersion = 25.0.1706.0
MinimumVisualStudioVersion = 10.0.40219.1
Project("{FAE04EC0-301F-11D3-BF4B-00C04F79EFBC}") = "PRM_SALEORDERMAN", "PRM_SALEORDERMAN.csproj", "{8F444EB0-82F1-4ADF-980A-3D22F4FB7D3C}"
EndProject
Project("{2150E333-8FDC-42A3-9474-1A3956D46DE8}") = "Solution Items", "Solution Items", "{D9C26F28-4C08-4021-B6B3-A961F0839BFC}"
	ProjectSection(SolutionItems) = preProject
		README.txt = README.txt
	EndProjectSection
EndProject
Global
	GlobalSection(SolutionConfigurationPlatforms) = preSolution
		Debug|Any CPU = Debug|Any CPU
		Release|Any CPU = Release|Any CPU
	EndGlobalSection
	GlobalSection(ProjectConfigurationPlatforms) = postSolution
		{8F444EB0-82F1-4ADF-980A-3D22F4FB7D3C}.Debug|Any CPU.ActiveCfg = Debug|Any CPU
		{8F444EB0-82F1-4ADF-980A-3D22F4FB7D3C}.Debug|Any CPU.Build.0 = Debug|Any CPU
		{8F444EB0-82F1-4ADF-980A-3D22F4FB7D3C}.Release|Any CPU.ActiveCfg = Release|Any CPU
		{8F444EB0-82F1-4ADF-980A-3D22F4FB7D3C}.Release|Any CPU.Build.0 = Release|Any CPU
	EndGlobalSection
	GlobalSection(SolutionProperties) = preSolution
		HideSolutionNode = FALSE
	EndGlobalSection
	GlobalSection(ExtensibilityGlobals) = postSolution
		SolutionGuid = {01DA5658-3833-474D-988B-07A65226C947}
	EndGlobalSection
EndGlobal
